
Microsoft Visual Studio Solution File, Format Version 12.00
# Visual Studio Version 17
VisualStudioVersion = 17.1.32319.34
MinimumVisualStudioVersion = 10.0.40219.1
Project("{2150E333-8FDC-42A3-9474-1A3956D46DE8}") = "src", "src", "{6848FBE7-1FB7-40E2-B9BC-62F728195C18}"
EndProject
Project("{2150E333-8FDC-42A3-9474-1A3956D46DE8}") = "Clients", "Clients", "{BA1A8DA7-9722-4867-B51C-9862D08546C5}"
EndProject
Project("{2150E333-8FDC-42A3-9474-1A3956D46DE8}") = "Common", "Common", "{847B6D52-ED41-439D-B558-B6F2D45D3BE7}"
EndProject
Project("{2150E333-8FDC-42A3-9474-1A3956D46DE8}") = "Projections", "Projections", "{8BE24BA7-A8C5-4583-8913-56BC05BCE280}"
EndProject
Project("{2150E333-8FDC-42A3-9474-1A3956D46DE8}") = "Api", "Api", "{768F2E2D-8BF8-4D7D-9CEB-0E50959AF582}"
EndProject
Project("{2150E333-8FDC-42A3-9474-1A3956D46DE8}") = "Core", "Core", "{B95709C9-0B12-403F-8EAD-A39AD9A1B144}"
EndProject
Project("{2150E333-8FDC-42A3-9474-1A3956D46DE8}") = "Infrastructure", "Infrastructure", "{279B63FD-A064-477B-B2EC-C90E6B2E32DA}"
EndProject
Project("{2150E333-8FDC-42A3-9474-1A3956D46DE8}") = "WebApi", "WebApi", "{23D8A9A4-2ADC-46D2-AB32-FBAAD3664B36}"
EndProject
Project("{2150E333-8FDC-42A3-9474-1A3956D46DE8}") = "WebUI", "WebUI", "{4A0AC10F-94C8-470C-AD4E-9EE890882F94}"
EndProject
Project("{9A19103F-16F7-4668-BE54-9A1E7A4F7556}") = "BiPapyon.Common", "src\Common\BiPapyon.Common\BiPapyon.Common.csproj", "{EE7596D1-C9ED-442B-BC5C-9B4A17C43BAE}"
EndProject
Project("{9A19103F-16F7-4668-BE54-9A1E7A4F7556}") = "BiPapyon.Api.Domain", "src\Api\Core\BiPapyon.Api.Domain\BiPapyon.Api.Domain.csproj", "{CFEB7D2A-C0A4-496E-8E04-4766FCEE4311}"
EndProject
Project("{9A19103F-16F7-4668-BE54-9A1E7A4F7556}") = "BiPapyon.Api.Application", "src\Api\Core\BiPapyon.Api.Application\BiPapyon.Api.Application.csproj", "{30745FCD-F2D6-4860-8D43-73DC74033129}"
EndProject
Project("{9A19103F-16F7-4668-BE54-9A1E7A4F7556}") = "BiPapyon.Infrastructure.Persistence", "src\Api\Infrastructure\BiPapyon.Infrastructure.Persistence\BiPapyon.Infrastructure.Persistence.csproj", "{30CE8BA8-4EDE-4641-A01F-AE6E10DA7B3D}"
EndProject
Project("{9A19103F-16F7-4668-BE54-9A1E7A4F7556}") = "BiPapyon.Api.WebApi", "src\Api\WebApi\BiPapyon.Api.WebApi\BiPapyon.Api.WebApi.csproj", "{B031E93C-3273-486F-9260-68870AEBBA6D}"
EndProject
Project("{9A19103F-16F7-4668-BE54-9A1E7A4F7556}") = "BiPapyon.Projections.FavoriteService", "src\Projections\BiPapyon.Projections.FavoriteService\BiPapyon.Projections.FavoriteService.csproj", "{C529C1FC-6DE4-41EC-94AC-444102B0B707}"
EndProject
Project("{9A19103F-16F7-4668-BE54-9A1E7A4F7556}") = "BiPapyon.WebApp", "src\Clients\WebUI\BiPapyon.WebApp\BiPapyon.WebApp.csproj", "{13F23816-6155-4EC4-B5D3-393BA005F06D}"
EndProject
Project("{FAE04EC0-301F-11D3-BF4B-00C04F79EFBC}") = "BiPapyon.Projection.UserService", "src\Projections\BiPapyon.Projection.UserService\BiPapyon.Projection.UserService.csproj", "{53519276-E028-49D6-B4BA-EA4685E5A628}"
EndProject
Global
	GlobalSection(SolutionConfigurationPlatforms) = preSolution
		Debug|Any CPU = Debug|Any CPU
		Release|Any CPU = Release|Any CPU
	EndGlobalSection
	GlobalSection(ProjectConfigurationPlatforms) = postSolution
		{EE7596D1-C9ED-442B-BC5C-9B4A17C43BAE}.Debug|Any CPU.ActiveCfg = Debug|Any CPU
		{EE7596D1-C9ED-442B-BC5C-9B4A17C43BAE}.Debug|Any CPU.Build.0 = Debug|Any CPU
		{EE7596D1-C9ED-442B-BC5C-9B4A17C43BAE}.Release|Any CPU.ActiveCfg = Release|Any CPU
		{EE7596D1-C9ED-442B-BC5C-9B4A17C43BAE}.Release|Any CPU.Build.0 = Release|Any CPU
		{CFEB7D2A-C0A4-496E-8E04-4766FCEE4311}.Debug|Any CPU.ActiveCfg = Debug|Any CPU
		{CFEB7D2A-C0A4-496E-8E04-4766FCEE4311}.Debug|Any CPU.Build.0 = Debug|Any CPU
		{CFEB7D2A-C0A4-496E-8E04-4766FCEE4311}.Release|Any CPU.ActiveCfg = Release|Any CPU
		{CFEB7D2A-C0A4-496E-8E04-4766FCEE4311}.Release|Any CPU.Build.0 = Release|Any CPU
		{30745FCD-F2D6-4860-8D43-73DC74033129}.Debug|Any CPU.ActiveCfg = Debug|Any CPU
		{30745FCD-F2D6-4860-8D43-73DC74033129}.Debug|Any CPU.Build.0 = Debug|Any CPU
		{30745FCD-F2D6-4860-8D43-73DC74033129}.Release|Any CPU.ActiveCfg = Release|Any CPU
		{30745FCD-F2D6-4860-8D43-73DC74033129}.Release|Any CPU.Build.0 = Release|Any CPU
		{30CE8BA8-4EDE-4641-A01F-AE6E10DA7B3D}.Debug|Any CPU.ActiveCfg = Debug|Any CPU
		{30CE8BA8-4EDE-4641-A01F-AE6E10DA7B3D}.Debug|Any CPU.Build.0 = Debug|Any CPU
		{30CE8BA8-4EDE-4641-A01F-AE6E10DA7B3D}.Release|Any CPU.ActiveCfg = Release|Any CPU
		{30CE8BA8-4EDE-4641-A01F-AE6E10DA7B3D}.Release|Any CPU.Build.0 = Release|Any CPU
		{B031E93C-3273-486F-9260-68870AEBBA6D}.Debug|Any CPU.ActiveCfg = Debug|Any CPU
		{B031E93C-3273-486F-9260-68870AEBBA6D}.Debug|Any CPU.Build.0 = Debug|Any CPU
		{B031E93C-3273-486F-9260-68870AEBBA6D}.Release|Any CPU.ActiveCfg = Release|Any CPU
		{B031E93C-3273-486F-9260-68870AEBBA6D}.Release|Any CPU.Build.0 = Release|Any CPU
		{C529C1FC-6DE4-41EC-94AC-444102B0B707}.Debug|Any CPU.ActiveCfg = Debug|Any CPU
		{C529C1FC-6DE4-41EC-94AC-444102B0B707}.Debug|Any CPU.Build.0 = Debug|Any CPU
		{C529C1FC-6DE4-41EC-94AC-444102B0B707}.Release|Any CPU.ActiveCfg = Release|Any CPU
		{C529C1FC-6DE4-41EC-94AC-444102B0B707}.Release|Any CPU.Build.0 = Release|Any CPU
		{13F23816-6155-4EC4-B5D3-393BA005F06D}.Debug|Any CPU.ActiveCfg = Debug|Any CPU
		{13F23816-6155-4EC4-B5D3-393BA005F06D}.Debug|Any CPU.Build.0 = Debug|Any CPU
		{13F23816-6155-4EC4-B5D3-393BA005F06D}.Release|Any CPU.ActiveCfg = Release|Any CPU
		{13F23816-6155-4EC4-B5D3-393BA005F06D}.Release|Any CPU.Build.0 = Release|Any CPU
		{53519276-E028-49D6-B4BA-EA4685E5A628}.Debug|Any CPU.ActiveCfg = Debug|Any CPU
		{53519276-E028-49D6-B4BA-EA4685E5A628}.Debug|Any CPU.Build.0 = Debug|Any CPU
		{53519276-E028-49D6-B4BA-EA4685E5A628}.Release|Any CPU.ActiveCfg = Release|Any CPU
		{53519276-E028-49D6-B4BA-EA4685E5A628}.Release|Any CPU.Build.0 = Release|Any CPU
	EndGlobalSection
	GlobalSection(SolutionProperties) = preSolution
		HideSolutionNode = FALSE
	EndGlobalSection
	GlobalSection(NestedProjects) = preSolution
		{BA1A8DA7-9722-4867-B51C-9862D08546C5} = {6848FBE7-1FB7-40E2-B9BC-62F728195C18}
		{847B6D52-ED41-439D-B558-B6F2D45D3BE7} = {6848FBE7-1FB7-40E2-B9BC-62F728195C18}
		{8BE24BA7-A8C5-4583-8913-56BC05BCE280} = {6848FBE7-1FB7-40E2-B9BC-62F728195C18}
		{768F2E2D-8BF8-4D7D-9CEB-0E50959AF582} = {6848FBE7-1FB7-40E2-B9BC-62F728195C18}
		{B95709C9-0B12-403F-8EAD-A39AD9A1B144} = {768F2E2D-8BF8-4D7D-9CEB-0E50959AF582}
		{279B63FD-A064-477B-B2EC-C90E6B2E32DA} = {768F2E2D-8BF8-4D7D-9CEB-0E50959AF582}
		{23D8A9A4-2ADC-46D2-AB32-FBAAD3664B36} = {768F2E2D-8BF8-4D7D-9CEB-0E50959AF582}
		{4A0AC10F-94C8-470C-AD4E-9EE890882F94} = {BA1A8DA7-9722-4867-B51C-9862D08546C5}
		{EE7596D1-C9ED-442B-BC5C-9B4A17C43BAE} = {847B6D52-ED41-439D-B558-B6F2D45D3BE7}
		{CFEB7D2A-C0A4-496E-8E04-4766FCEE4311} = {B95709C9-0B12-403F-8EAD-A39AD9A1B144}
		{30745FCD-F2D6-4860-8D43-73DC74033129} = {B95709C9-0B12-403F-8EAD-A39AD9A1B144}
		{30CE8BA8-4EDE-4641-A01F-AE6E10DA7B3D} = {279B63FD-A064-477B-B2EC-C90E6B2E32DA}
		{B031E93C-3273-486F-9260-68870AEBBA6D} = {23D8A9A4-2ADC-46D2-AB32-FBAAD3664B36}
		{C529C1FC-6DE4-41EC-94AC-444102B0B707} = {8BE24BA7-A8C5-4583-8913-56BC05BCE280}
		{13F23816-6155-4EC4-B5D3-393BA005F06D} = {4A0AC10F-94C8-470C-AD4E-9EE890882F94}
		{53519276-E028-49D6-B4BA-EA4685E5A628} = {8BE24BA7-A8C5-4583-8913-56BC05BCE280}
	EndGlobalSection
	GlobalSection(ExtensibilityGlobals) = postSolution
		SolutionGuid = {D792839C-61DC-4F27-A163-826E63B84A8E}
	EndGlobalSection
EndGlobal
